// !$*UTF8*$!
{
	archiveVersion = 1;
	classes = {
	};
	objectVersion = 50;
	objects = {

/* Begin PBXBuildFile section */
		23B80611223B4ECE003E5ACD /* AppDelegate.m in Sources */ = {isa = PBXBuildFile; fileRef = 23B80610223B4ECE003E5ACD /* AppDelegate.m */; };
		23B80614223B4ECE003E5ACD /* ViewController.m in Sources */ = {isa = PBXBuildFile; fileRef = 23B80613223B4ECE003E5ACD /* ViewController.m */; };
		23B80617223B4ECE003E5ACD /* Main.storyboard in Resources */ = {isa = PBXBuildFile; fileRef = 23B80615223B4ECE003E5ACD /* Main.storyboard */; };
		23B80619223B4ECF003E5ACD /* Assets.xcassets in Resources */ = {isa = PBXBuildFile; fileRef = 23B80618223B4ECF003E5ACD /* Assets.xcassets */; };
		23B8061C223B4ECF003E5ACD /* LaunchScreen.storyboard in Resources */ = {isa = PBXBuildFile; fileRef = 23B8061A223B4ECF003E5ACD /* LaunchScreen.storyboard */; };
		23B8061F223B4ECF003E5ACD /* main.m in Sources */ = {isa = PBXBuildFile; fileRef = 23B8061E223B4ECF003E5ACD /* main.m */; };
		23B80627223B97C8003E5ACD /* HQTimer.m in Sources */ = {isa = PBXBuildFile; fileRef = 23B80626223B97C8003E5ACD /* HQTimer.m */; };
/* End PBXBuildFile section */

/* Begin PBXFileReference section */
		23B8060C223B4ECE003E5ACD /* CGD定时器.app */ = {isa = PBXFileReference; explicitFileType = wrapper.application; includeInIndex = 0; path = "CGD定时器.app"; sourceTree = BUILT_PRODUCTS_DIR; };
		23B8060F223B4ECE003E5ACD /* AppDelegate.h */ = {isa = PBXFileReference; lastKnownFileType = sourcecode.c.h; path = AppDelegate.h; sourceTree = "<group>"; };
		23B80610223B4ECE003E5ACD /* AppDelegate.m */ = {isa = PBXFileReference; lastKnownFileType = sourcecode.c.objc; path = AppDelegate.m; sourceTree = "<group>"; };
		23B80612223B4ECE003E5ACD /* ViewController.h */ = {isa = PBXFileReference; lastKnownFileType = sourcecode.c.h; path = ViewController.h; sourceTree = "<group>"; };
		23B80613223B4ECE003E5ACD /* ViewController.m */ = {isa = PBXFileReference; lastKnownFileType = sourcecode.c.objc; path = ViewController.m; sourceTree = "<group>"; };
		23B80616223B4ECE003E5ACD /* Base */ = {isa = PBXFileReference; lastKnownFileType = file.storyboard; name = Base; path = Base.lproj/Main.storyboard; sourceTree = "<group>"; };
		23B80618223B4ECF003E5ACD /* Assets.xcassets */ = {isa = PBXFileReference; lastKnownFileType = folder.assetcatalog; path = Assets.xcassets; sourceTree = "<group>"; };
		23B8061B223B4ECF003E5ACD /* Base */ = {isa = PBXFileReference; lastKnownFileType = file.storyboard; name = Base; path = Base.lproj/LaunchScreen.storyboard; sourceTree = "<group>"; };
		23B8061D223B4ECF003E5ACD /* Info.plist */ = {isa = PBXFileReference; lastKnownFileType = text.plist.xml; path = Info.plist; sourceTree = "<group>"; };
		23B8061E223B4ECF003E5ACD /* main.m */ = {isa = PBXFileReference; lastKnownFileType = sourcecode.c.objc; path = main.m; sourceTree = "<group>"; };
		23B80625223B97C8003E5ACD /* HQTimer.h */ = {isa = PBXFileReference; lastKnownFileType = sourcecode.c.h; path = HQTimer.h; sourceTree = "<group>"; };
		23B80626223B97C8003E5ACD /* HQTimer.m */ = {isa = PBXFileReference; lastKnownFileType = sourcecode.c.objc; path = HQTimer.m; sourceTree = "<group>"; };
/* End PBXFileReference section */

/* Begin PBXFrameworksBuildPhase section */
		23B80609223B4ECE003E5ACD /* Frameworks */ = {
			isa = PBXFrameworksBuildPhase;
			buildActionMask = 2147483647;
			files = (
			);
			runOnlyForDeploymentPostprocessing = 0;
		};
/* End PBXFrameworksBuildPhase section */

/* Begin PBXGroup section */
		23B80603223B4ECE003E5ACD = {
			isa = PBXGroup;
			children = (
				23B8060E223B4ECE003E5ACD /* CGD定时器 */,
				23B8060D223B4ECE003E5ACD /* Products */,
			);
			sourceTree = "<group>";
		};
		23B8060D223B4ECE003E5ACD /* Products */ = {
			isa = PBXGroup;
			children = (
				23B8060C223B4ECE003E5ACD /* CGD定时器.app */,
			);
			name = Products;
			sourceTree = "<group>";
		};
		23B8060E223B4ECE003E5ACD /* CGD定时器 */ = {
			isa = PBXGroup;
			children = (
				23B8060F223B4ECE003E5ACD /* AppDelegate.h */,
				23B80610223B4ECE003E5ACD /* AppDelegate.m */,
				23B80612223B4ECE003E5ACD /* ViewController.h */,
				23B80613223B4ECE003E5ACD /* ViewController.m */,
				23B80625223B97C8003E5ACD /* HQTimer.h */,
				23B80626223B97C8003E5ACD /* HQTimer.m */,
				23B80615223B4ECE003E5ACD /* Main.storyboard */,
				23B80618223B4ECF003E5ACD /* Assets.xcassets */,
				23B8061A223B4ECF003E5ACD /* LaunchScreen.storyboard */,
				23B8061D223B4ECF003E5ACD /* Info.plist */,
				23B8061E223B4ECF003E5ACD /* main.m */,
			);
			path = "CGD定时器";
			sourceTree = "<group>";
		};
/* End PBXGroup section */

/* Begin PBXNativeTarget section */
		23B8060B223B4ECE003E5ACD /* CGD定时器 */ = {
			isa = PBXNativeTarget;
			buildConfigurationList = 23B80622223B4ECF003E5ACD /* Build configuration list for PBXNativeTarget "CGD定时器" */;
			buildPhases = (
				23B80608223B4ECE003E5ACD /* Sources */,
				23B80609223B4ECE003E5ACD /* Frameworks */,
				23B8060A223B4ECE003E5ACD /* Resources */,
			);
			buildRules = (
			);
			dependencies = (
			);
			name = "CGD定时器";
			productName = "CGD定时器";
			productReference = 23B8060C223B4ECE003E5ACD /* CGD定时器.app */;
			productType = "com.apple.product-type.application";
		};
/* End PBXNativeTarget section */

/* Begin PBXProject section */
		23B80604223B4ECE003E5ACD /* Project object */ = {
			isa = PBXProject;
			attributes = {
				LastUpgradeCheck = 1010;
				ORGANIZATIONNAME = HeQing;
				TargetAttributes = {
					23B8060B223B4ECE003E5ACD = {
						CreatedOnToolsVersion = 10.1;
					};
				};
			};
			buildConfigurationList = 23B80607223B4ECE003E5ACD /* Build configuration list for PBXProject "CGD定时器" */;
			compatibilityVersion = "Xcode 9.3";
			developmentRegion = en;
			hasScannedForEncodings = 0;
			knownRegions = (
				en,
				Base,
			);
			mainGroup = 23B80603223B4ECE003E5ACD;
			productRefGroup = 23B8060D223B4ECE003E5ACD /* Products */;
			projectDirPath = "";
			projectRoot = "";
			targets = (
				23B8060B223B4ECE003E5ACD /* CGD定时器 */,
			);
		};
/* End PBXProject section */

/* Begin PBXResourcesBuildPhase section */
		23B8060A223B4ECE003E5ACD /* Resources */ = {
			isa = PBXResourcesBuildPhase;
			buildActionMask = 2147483647;
			files = (
				23B8061C223B4ECF003E5ACD /* LaunchScreen.storyboard in Resources */,
				23B80619223B4ECF003E5ACD /* Assets.xcassets in Resources */,
				23B80617223B4ECE003E5ACD /* Main.storyboard in Resources */,
			);
			runOnlyForDeploymentPostprocessing = 0;
		};
/* End PBXResourcesBuildPhase section */

/* Begin PBXSourcesBuildPhase section */
		23B80608223B4ECE003E5ACD /* Sources */ = {
			isa = PBXSourcesBuildPhase;
			buildActionMask = 2147483647;
			files = (
				23B80614223B4ECE003E5ACD /* ViewController.m in Sources */,
				23B8061F223B4ECF003E5ACD /* main.m in Sources */,
				23B80627223B97C8003E5ACD /* HQTimer.m in Sources */,
				23B80611223B4ECE003E5ACD /* AppDelegate.m in Sources */,
			);
			runOnlyForDeploymentPostprocessing = 0;
		};
/* End PBXSourcesBuildPhase section */

/* Begin PBXVariantGroup section */
		23B80615223B4ECE003E5ACD /* Main.storyboard */ = {
			isa = PBXVariantGroup;
			children = (
				23B80616223B4ECE003E5ACD /* Base */,
			);
			name = Main.storyboard;
			sourceTree = "<group>";
		};
		23B8061A223B4ECF003E5ACD /* LaunchScreen.storyboard */ = {
			isa = PBXVariantGroup;
			children = (
				23B8061B223B4ECF003E5ACD /* Base */,
			);
			name = LaunchScreen.storyboard;
			sourceTree = "<group>";
		};
/* End PBXVariantGroup section */

/* Begin XCBuildConfiguration section */
		23B80620223B4ECF003E5ACD /* Debug */ = {
			isa = XCBuildConfiguration;
			buildSettings = {
				ALWAYS_SEARCH_USER_PATHS = NO;
				CLANG_ANALYZER_NONNULL = YES;
				CLANG_ANALYZER_NUMBER_OBJECT_CONVERSION = YES_AGGRESSIVE;
				CLANG_CXX_LANGUAGE_STANDARD = "gnu++14";
				CLANG_CXX_LIBRARY = "libc++";
				CLANG_ENABLE_MODULES = YES;
				CLANG_ENABLE_OBJC_ARC = YES;
				CLANG_ENABLE_OBJC_WEAK = YES;
				CLANG_WARN_BLOCK_CAPTURE_AUTORELEASING = YES;
				CLANG_WARN_BOOL_CONVERSION = YES;
				CLANG_WARN_COMMA = YES;
				CLANG_WARN_CONSTANT_CONVERSION = YES;
				CLANG_WARN_DEPRECATED_OBJC_IMPLEMENTATIONS = YES;
				CLANG_WARN_DIRECT_OBJC_ISA_USAGE = YES_ERROR;
				CLANG_WARN_DOCUMENTATION_COMMENTS = YES;
				CLANG_WARN_EMPTY_BODY = YES;
				CLANG_WARN_ENUM_CONVERSION = YES;
				CLANG_WARN_INFINITE_RECURSION = YES;
				CLANG_WARN_INT_CONVERSION = YES;
				CLANG_WARN_NON_LITERAL_NULL_CONVERSION = YES;
				CLANG_WARN_OBJC_IMPLICIT_RETAIN_SELF = YES;
				CLANG_WARN_OBJC_LITERAL_CONVERSION = YES;
				CLANG_WARN_OBJC_ROOT_CLASS = YES_ERROR;
				CLANG_WARN_RANGE_LOOP_ANALYSIS = YES;
				CLANG_WARN_STRICT_PROTOTYPES = YES;
				CLANG_WARN_SUSPICIOUS_MOVE = YES;
				CLANG_WARN_UNGUARDED_AVAILABILITY = YES_AGGRESSIVE;
				CLANG_WARN_UNREACHABLE_CODE = YES;
				CLANG_WARN__DUPLICATE_METHOD_MATCH = YES;
				CODE_SIGN_IDENTITY = "iPhone Developer";
				COPY_PHASE_STRIP = NO;
				DEBUG_INFORMATION_FORMAT = dwarf;
				ENABLE_STRICT_OBJC_MSGSEND = YES;
				ENABLE_TESTABILITY = YES;
				GCC_C_LANGUAGE_STANDARD = gnu11;
				GCC_DYNAMIC_NO_PIC = NO;
				GCC_NO_COMMON_BLOCKS = YES;
				GCC_OPTIMIZATION_LEVEL = 0;
				GCC_PREPROCESSOR_DEFINITIONS = (
					"DEBUG=1",
					"$(inherited)",
				);
				GCC_WARN_64_TO_32_BIT_CONVERSION = YES;
				GCC_WARN_ABOUT_RETURN_TYPE = YES_ERROR;
				GCC_WARN_UNDECLARED_SELECTOR = YES;
				GCC_WARN_UNINITIALIZED_AUTOS = YES_AGGRESSIVE;
				GCC_WARN_UNUSED_FUNCTION = YES;
				GCC_WARN_UNUSED_VARIABLE = YES;
				IPHONEOS_DEPLOYMENT_TARGET = 12.1;
				MTL_ENABLE_DEBUG_INFO = INCLUDE_SOURCE;
				MTL_FAST_MATH = YES;
				ONLY_ACTIVE_ARCH = YES;
				SDKROOT = iphoneos;
			};
			name = Debug;
		};
		23B80621223B4ECF003E5ACD /* Release */ = {
			isa = XCBuildConfiguration;
			buildSettings = {
				ALWAYS_SEARCH_USER_PATHS = NO;
				CLANG_ANALYZER_NONNULL = YES;
				CLANG_ANALYZER_NUMBER_OBJECT_CONVERSION = YES_AGGRESSIVE;
				CLANG_CXX_LANGUAGE_STANDARD = "gnu++14";
				CLANG_CXX_LIBRARY = "libc++";
				CLANG_ENABLE_MODULES = YES;
				CLANG_ENABLE_OBJC_ARC = YES;
				CLANG_ENABLE_OBJC_WEAK = YES;
				CLANG_WARN_BLOCK_CAPTURE_AUTORELEASING = YES;
				CLANG_WARN_BOOL_CONVERSION = YES;
				CLANG_WARN_COMMA = YES;
				CLANG_WARN_CONSTANT_CONVERSION = YES;
				CLANG_WARN_DEPRECATED_OBJC_IMPLEMENTATIONS = YES;
				CLANG_WARN_DIRECT_OBJC_ISA_USAGE = YES_ERROR;
				CLANG_WARN_DOCUMENTATION_COMMENTS = YES;
				CLANG_WARN_EMPTY_BODY = YES;
				CLANG_WARN_ENUM_CONVERSION = YES;
				CLANG_WARN_INFINITE_RECURSION = YES;
				CLANG_WARN_INT_CONVERSION = YES;
				CLANG_WARN_NON_LITERAL_NULL_CONVERSION = YES;
				CLANG_WARN_OBJC_IMPLICIT_RETAIN_SELF = YES;
				CLANG_WARN_OBJC_LITERAL_CONVERSION = YES;
				CLANG_WARN_OBJC_ROOT_CLASS = YES_ERROR;
				CLANG_WARN_RANGE_LOOP_ANALYSIS = YES;
				CLANG_WARN_STRICT_PROTOTYPES = YES;
				CLANG_WARN_SUSPICIOUS_MOVE = YES;
				CLANG_WARN_UNGUARDED_AVAILABILITY = YES_AGGRESSIVE;
				CLANG_WARN_UNREACHABLE_CODE = YES;
				CLANG_WARN__DUPLICATE_METHOD_MATCH = YES;
				CODE_SIGN_IDENTITY = "iPhone Developer";
				COPY_PHASE_STRIP = NO;
				DEBUG_INFORMATION_FORMAT = "dwarf-with-dsym";
				ENABLE_NS_ASSERTIONS = NO;
				ENABLE_STRICT_OBJC_MSGSEND = YES;
				GCC_C_LANGUAGE_STANDARD = gnu11;
				GCC_NO_COMMON_BLOCKS = YES;
				GCC_WARN_64_TO_32_BIT_CONVERSION = YES;
				GCC_WARN_ABOUT_RETURN_TYPE = YES_ERROR;
				GCC_WARN_UNDECLARED_SELECTOR = YES;
				GCC_WARN_UNINITIALIZED_AUTOS = YES_AGGRESSIVE;
				GCC_WARN_UNUSED_FUNCTION = YES;
				GCC_WARN_UNUSED_VARIABLE = YES;
				IPHONEOS_DEPLOYMENT_TARGET = 12.1;
				MTL_ENABLE_DEBUG_INFO = NO;
				MTL_FAST_MATH = YES;
				SDKROOT = iphoneos;
				VALIDATE_PRODUCT = YES;
			};
			name = Release;
		};
		23B80623223B4ECF003E5ACD /* Debug */ = {
			isa = XCBuildConfiguration;
			buildSettings = {
				ASSETCATALOG_COMPILER_APPICON_NAME = AppIcon;
				CODE_SIGN_STYLE = Automatic;
				INFOPLIST_FILE = "CGD定时器/Info.plist";
				LD_RUNPATH_SEARCH_PATHS = (
					"$(inherited)",
					"@executable_path/Frameworks",
				);
				PRODUCT_BUNDLE_IDENTIFIER = "com.cnki.CGD---";
				PRODUCT_NAME = "$(TARGET_NAME)";
				TARGETED_DEVICE_FAMILY = "1,2";
			};
			name = Debug;
		};
		23B80624223B4ECF003E5ACD /* Release */ = {
			isa = XCBuildConfiguration;
			buildSettings = {
				ASSETCATALOG_COMPILER_APPICON_NAME = AppIcon;
				CODE_SIGN_STYLE = Automatic;
				INFOPLIST_FILE = "CGD定时器/Info.plist";
				LD_RUNPATH_SEARCH_PATHS = (
					"$(inherited)",
					"@executable_path/Frameworks",
				);
				PRODUCT_BUNDLE_IDENTIFIER = "com.cnki.CGD---";
				PRODUCT_NAME = "$(TARGET_NAME)";
				TARGETED_DEVICE_FAMILY = "1,2";
			};
			name = Release;
		};
/* End XCBuildConfiguration section */

/* Begin XCConfigurationList section */
		23B80607223B4ECE003E5ACD /* Build configuration list for PBXProject "CGD定时器" */ = {
			isa = XCConfigurationList;
			buildConfigurations = (
				23B80620223B4ECF003E5ACD /* Debug */,
				23B80621223B4ECF003E5ACD /* Release */,
			);
			defaultConfigurationIsVisible = 0;
			defaultConfigurationName = Release;
		};
		23B80622223B4ECF003E5ACD /* Build configuration list for PBXNativeTarget "CGD定时器" */ = {
			isa = XCConfigurationList;
			buildConfigurations = (
				23B80623223B4ECF003E5ACD /* Debug */,
				23B80624223B4ECF003E5ACD /* Release */,
			);
			defaultConfigurationIsVisible = 0;
			defaultConfigurationName = Release;
		};
/* End XCConfigurationList section */
	};
	rootObject = 23B80604223B4ECE003E5ACD /* Project object */;
}
